{
  "version": 4,
  "terraform_version": "1.4.6",
  "serial": 33,
  "lineage": "6b83a288-8857-2193-d41a-3807f67526ac",
  "outputs": {},
  "resources": [
    {
      "mode": "managed",
      "type": "google_cloud_scheduler_job",
      "name": "start_instances",
      "provider": "provider[\"registry.terraform.io/hashicorp/google\"]",
      "instances": [
        {
          "schema_version": 0,
          "attributes": {
            "app_engine_http_target": [],
            "attempt_deadline": "180s",
            "description": "",
            "http_target": [
              {
                "body": "",
                "headers": {
                  "Content-Type": "application/json"
                },
                "http_method": "POST",
                "oauth_token": [],
                "oidc_token": [],
                "uri": "https://www.googleapis.com/compute/v1/projects/kayprjct01-358115/zones/europe-west2-c/instances/instance-1/start"
              }
            ],
            "id": "projects/kayprjct01-358115/locations/europe-west2/jobs/start-instances",
            "name": "start-instances",
            "paused": false,
            "project": "kayprjct01-358115",
            "pubsub_target": [],
            "region": "europe-west2",
            "retry_config": [],
            "schedule": "0 * * * *",
            "state": "ENABLED",
            "time_zone": "Greenwich",
            "timeouts": null
          },
          "sensitive_attributes": [],
          "private": "eyJlMmJmYjczMC1lY2FhLTExZTYtOGY4OC0zNDM2M2JjN2M0YzAiOnsiY3JlYXRlIjoxMjAwMDAwMDAwMDAwLCJkZWxldGUiOjEyMDAwMDAwMDAwMDAsInVwZGF0ZSI6MTIwMDAwMDAwMDAwMH19"
        }
      ]
    },
    {
      "mode": "managed",
      "type": "google_cloud_scheduler_job",
      "name": "stop_instances",
      "provider": "provider[\"registry.terraform.io/hashicorp/google\"]",
      "instances": [
        {
          "schema_version": 0,
          "attributes": {
            "app_engine_http_target": [],
            "attempt_deadline": "180s",
            "description": "",
            "http_target": [
              {
                "body": "",
                "headers": {
                  "Content-Type": "application/json"
                },
                "http_method": "POST",
                "oauth_token": [],
                "oidc_token": [],
                "uri": "https://www.googleapis.com/compute/v1/projects/kayprjct01-358115/zones/europe-west2-c/instances/instance-1/stop"
              }
            ],
            "id": "projects/kayprjct01-358115/locations/europe-west2/jobs/stop-instances",
            "name": "stop-instances",
            "paused": false,
            "project": "kayprjct01-358115",
            "pubsub_target": [],
            "region": "europe-west2",
            "retry_config": [],
            "schedule": "*/30 * * * *",
            "state": "ENABLED",
            "time_zone": "Greenwich",
            "timeouts": null
          },
          "sensitive_attributes": [],
          "private": "eyJlMmJmYjczMC1lY2FhLTExZTYtOGY4OC0zNDM2M2JjN2M0YzAiOnsiY3JlYXRlIjoxMjAwMDAwMDAwMDAwLCJkZWxldGUiOjEyMDAwMDAwMDAwMDAsInVwZGF0ZSI6MTIwMDAwMDAwMDAwMH19"
        }
      ]
    },
    {
      "mode": "managed",
      "type": "google_compute_instance_iam_member",
      "name": "app_engine_iam",
      "provider": "provider[\"registry.terraform.io/hashicorp/google\"]",
      "instances": [
        {
          "schema_version": 0,
          "attributes": {
            "condition": [],
            "etag": "BwX7KS-EExo=",
            "id": "projects/kayprjct01-358115/zones/europe-west2-c/instances/instance-3/roles/compute.instanceAdmin/serviceAccount:763503286874-compute@developer.gserviceaccount.com",
            "instance_name": "projects/kayprjct01-358115/zones/europe-west2-c/instances/instance-3",
            "member": "serviceAccount:763503286874-compute@developer.gserviceaccount.com",
            "project": "kayprjct01-358115",
            "role": "roles/compute.instanceAdmin",
            "zone": "europe-west2-c"
          },
          "sensitive_attributes": [],
          "private": "bnVsbA=="
        }
      ]
    },
    {
      "mode": "managed",
      "type": "google_project_iam_member",
      "name": "cloud_scheduler_iam",
      "provider": "provider[\"registry.terraform.io/hashicorp/google\"]",
      "instances": [
        {
          "schema_version": 0,
          "attributes": {
            "condition": [],
            "etag": "BwX7HxMBOco=",
            "id": "kayprjct01-358115/roles/cloudscheduler.admin/serviceAccount:763503286874-compute@developer.gserviceaccount.com",
            "member": "serviceAccount:763503286874-compute@developer.gserviceaccount.com",
            "project": "kayprjct01-358115",
            "role": "roles/cloudscheduler.admin"
          },
          "sensitive_attributes": [],
          "private": "bnVsbA=="
        }
      ]
    }
  ],
  "check_results": null
}
